<?xml version="1.0" encoding="utf-8"?>
<Project ToolsVersion="4.0" xmlns="http://schemas.microsoft.com/developer/msbuild/2003">
  <ItemGroup>
    <Filter Include="Resource">
      <UniqueIdentifier>{4c78aad3-3083-446e-afe8-76b4086e5624}</UniqueIdentifier>
    </Filter>
    <Filter Include="Lib">
      <UniqueIdentifier>{a0c3b6ae-ef5e-46e7-b121-48ba3a20d683}</UniqueIdentifier>
    </Filter>
    <Filter Include="Audio">
      <UniqueIdentifier>{7ed0cce7-a65c-422e-b428-f56dc05aa428}</UniqueIdentifier>
    </Filter>
  </ItemGroup>
  <ItemGroup>
    <Image Include="Resource\fft.ico">
      <Filter>Resource</Filter>
    </Image>
    <Image Include="Resource\rs.bmp">
      <Filter>Resource</Filter>
    </Image>
    <Image Include="Resource\rs.ico">
      <Filter>Resource</Filter>
    </Image>
    <Image Include="Resource\CC.ico" />
  </ItemGroup>
  <ItemGroup>
    <ResourceCompile Include="Resource\fft.rc">
      <Filter>Resource</Filter>
    </ResourceCompile>
  </ItemGroup>
  <ItemGroup>
    <ClInclude Include="Resource\resource.h">
      <Filter>Resource</Filter>
    </ClInclude>
    <ClInclude Include="Lib\Active.h">
      <Filter>Lib</Filter>
    </ClInclude>
    <ClInclude Include="Lib\Canvas.h">
      <Filter>Lib</Filter>
    </ClInclude>
    <ClInclude Include="Lib\Controller.h">
      <Filter>Lib</Filter>
    </ClInclude>
    <ClInclude Include="Lib\Controls.h">
      <Filter>Lib</Filter>
    </ClInclude>
    <ClInclude Include="Lib\Dir.h">
      <Filter>Lib</Filter>
    </ClInclude>
    <ClInclude Include="Lib\FileGet.h">
      <Filter>Lib</Filter>
    </ClInclude>
    <ClInclude Include="Lib\MetaCtrl.h">
      <Filter>Lib</Filter>
    </ClInclude>
    <ClInclude Include="Lib\Procedure.h">
      <Filter>Lib</Filter>
    </ClInclude>
    <ClInclude Include="Lib\Thread.h">
      <Filter>Lib</Filter>
    </ClInclude>
    <ClInclude Include="Lib\WinClass.h">
      <Filter>Lib</Filter>
    </ClInclude>
    <ClInclude Include="Lib\WinEx.h">
      <Filter>Lib</Filter>
    </ClInclude>
    <ClInclude Include="Lib\WinMaker.h">
      <Filter>Lib</Filter>
    </ClInclude>
    <ClInclude Include="Audio\AsyncDevice.h">
      <Filter>Audio</Filter>
    </ClInclude>
    <ClInclude Include="Audio\AudioFile.h">
      <Filter>Audio</Filter>
    </ClInclude>
    <ClInclude Include="Audio\BufferedDevice.h">
      <Filter>Audio</Filter>
    </ClInclude>
    <ClInclude Include="Audio\Fft.h">
      <Filter>Audio</Filter>
    </ClInclude>
    <ClInclude Include="Audio\FilePlayer.h">
      <Filter>Audio</Filter>
    </ClInclude>
    <ClInclude Include="Audio\ImagePlayer.h">
      <Filter>Audio</Filter>
    </ClInclude>
    <ClInclude Include="Audio\Tuner.h">
      <Filter>Audio</Filter>
    </ClInclude>
    <ClInclude Include="Audio\WaveFormat.h">
      <Filter>Audio</Filter>
    </ClInclude>
    <ClInclude Include="Audio\WaveHeader.h">
      <Filter>Audio</Filter>
    </ClInclude>
    <ClInclude Include="Audio\WaveIn.h">
      <Filter>Audio</Filter>
    </ClInclude>
    <ClInclude Include="Audio\WaveOut.h">
      <Filter>Audio</Filter>
    </ClInclude>
    <ClInclude Include="Const.h" />
    <ClInclude Include="Control.h" />
    <ClInclude Include="DlgProcedure.h" />
    <ClInclude Include="Main.h" />
    <ClInclude Include="MediaFile.h" />
    <ClInclude Include="Painter.h" />
    <ClInclude Include="Params.h" />
    <ClInclude Include="View.h" />
    <ClInclude Include="ViewControl.h" />
    <ClInclude Include="Views.h" />
  </ItemGroup>
  <ItemGroup>
    <ClCompile Include="Lib\Active.cpp">
      <Filter>Lib</Filter>
    </ClCompile>
    <ClCompile Include="Lib\Controls.cpp">
      <Filter>Lib</Filter>
    </ClCompile>
    <ClCompile Include="Lib\Dir.cpp">
      <Filter>Lib</Filter>
    </ClCompile>
    <ClCompile Include="Lib\FileGet.cpp">
      <Filter>Lib</Filter>
    </ClCompile>
    <ClCompile Include="Lib\Procedure.cpp">
      <Filter>Lib</Filter>
    </ClCompile>
    <ClCompile Include="Lib\WinClass.cpp">
      <Filter>Lib</Filter>
    </ClCompile>
    <ClCompile Include="Lib\WinMaker.cpp">
      <Filter>Lib</Filter>
    </ClCompile>
    <ClCompile Include="Audio\AudioFile.cpp">
      <Filter>Audio</Filter>
    </ClCompile>
    <ClCompile Include="Audio\BufferedDevice.cpp">
      <Filter>Audio</Filter>
    </ClCompile>
    <ClCompile Include="Audio\Fft.cpp">
      <Filter>Audio</Filter>
    </ClCompile>
    <ClCompile Include="Audio\ImagePlayer.cpp">
      <Filter>Audio</Filter>
    </ClCompile>
    <ClCompile Include="Audio\Tuner.cpp">
      <Filter>Audio</Filter>
    </ClCompile>
    <ClCompile Include="Audio\WaveFormat.cpp">
      <Filter>Audio</Filter>
    </ClCompile>
    <ClCompile Include="Audio\WaveIn.cpp">
      <Filter>Audio</Filter>
    </ClCompile>
    <ClCompile Include="Audio\WaveOut.cpp">
      <Filter>Audio</Filter>
    </ClCompile>
    <ClCompile Include="Control.cpp" />
    <ClCompile Include="DlgProcedure.cpp" />
    <ClCompile Include="Main.cpp" />
    <ClCompile Include="Painter.cpp" />
    <ClCompile Include="ViewControl.cpp" />
    <ClCompile Include="Views.cpp" />
  </ItemGroup>
</Project>